
Microsoft Visual Studio Solution File, Format Version 12.00
Project("{FAE04EC0-301F-11D3-BF4B-00C04F79EFBC}") = "zad8", "zad8\zad8.csproj", "{E479443A-9F0F-4798-95C6-8927B1F39BE2}"
EndProject
Global
	GlobalSection(SolutionConfigurationPlatforms) = preSolution
		Debug|Any CPU = Debug|Any CPU
		Release|Any CPU = Release|Any CPU
	EndGlobalSection
	GlobalSection(ProjectConfigurationPlatforms) = postSolution
		{E479443A-9F0F-4798-95C6-8927B1F39BE2}.Debug|Any CPU.ActiveCfg = Debug|Any CPU
		{E479443A-9F0F-4798-95C6-8927B1F39BE2}.Debug|Any CPU.Build.0 = Debug|Any CPU
		{E479443A-9F0F-4798-95C6-8927B1F39BE2}.Release|Any CPU.ActiveCfg = Release|Any CPU
		{E479443A-9F0F-4798-95C6-8927B1F39BE2}.Release|Any CPU.Build.0 = Release|Any CPU
	EndGlobalSection
EndGlobal
